
Microsoft Visual Studio Solution File, Format Version 12.00
# Visual Studio Version 16
VisualStudioVersion = 16.0.28729.10
MinimumVisualStudioVersion = 10.0.40219.1
Project("{9A19103F-16F7-4668-BE54-9A1E7A4F7556}") = "SportsStore", "SportsStore\SportsStore.csproj", "{ABA33464-76EB-4BB7-B496-4830B335D938}"
EndProject
Project("{FAE04EC0-301F-11D3-BF4B-00C04F79EFBC}") = "SportsStore.Tests", "SportsStore.Tests\SportsStore.Tests.csproj", "{C0959500-5594-445D-8EA4-F1D19A691913}"
EndProject
Global
	GlobalSection(SolutionConfigurationPlatforms) = preSolution
		Debug|Any CPU = Debug|Any CPU
		Release|Any CPU = Release|Any CPU
	EndGlobalSection
	GlobalSection(ProjectConfigurationPlatforms) = postSolution
		{ABA33464-76EB-4BB7-B496-4830B335D938}.Debug|Any CPU.ActiveCfg = Debug|Any CPU
		{ABA33464-76EB-4BB7-B496-4830B335D938}.Debug|Any CPU.Build.0 = Debug|Any CPU
		{ABA33464-76EB-4BB7-B496-4830B335D938}.Release|Any CPU.ActiveCfg = Release|Any CPU
		{ABA33464-76EB-4BB7-B496-4830B335D938}.Release|Any CPU.Build.0 = Release|Any CPU
		{C0959500-5594-445D-8EA4-F1D19A691913}.Debug|Any CPU.ActiveCfg = Debug|Any CPU
		{C0959500-5594-445D-8EA4-F1D19A691913}.Debug|Any CPU.Build.0 = Debug|Any CPU
		{C0959500-5594-445D-8EA4-F1D19A691913}.Release|Any CPU.ActiveCfg = Release|Any CPU
		{C0959500-5594-445D-8EA4-F1D19A691913}.Release|Any CPU.Build.0 = Release|Any CPU
	EndGlobalSection
	GlobalSection(SolutionProperties) = preSolution
		HideSolutionNode = FALSE
	EndGlobalSection
	GlobalSection(ExtensibilityGlobals) = postSolution
		SolutionGuid = {F6EA0710-4193-40AB-B5A5-7F66BC1EB73E}
	EndGlobalSection
EndGlobal
